
Microsoft Visual Studio Solution File, Format Version 12.00
# Visual Studio Version 16
VisualStudioVersion = 16.0.31727.386
MinimumVisualStudioVersion = 10.0.40219.1
Project("{FAE04EC0-301F-11D3-BF4B-00C04F79EFBC}") = "Bessonova483-classLibrary", "Bessonova483-classLibrary\Bessonova483-classLibrary.csproj", "{E5BE9DFD-71DC-490E-972E-630AA00F77BC}"
EndProject
Global
	GlobalSection(SolutionConfigurationPlatforms) = preSolution
		Debug|Any CPU = Debug|Any CPU
		Release|Any CPU = Release|Any CPU
	EndGlobalSection
	GlobalSection(ProjectConfigurationPlatforms) = postSolution
		{E5BE9DFD-71DC-490E-972E-630AA00F77BC}.Debug|Any CPU.ActiveCfg = Debug|Any CPU
		{E5BE9DFD-71DC-490E-972E-630AA00F77BC}.Debug|Any CPU.Build.0 = Debug|Any CPU
		{E5BE9DFD-71DC-490E-972E-630AA00F77BC}.Release|Any CPU.ActiveCfg = Release|Any CPU
		{E5BE9DFD-71DC-490E-972E-630AA00F77BC}.Release|Any CPU.Build.0 = Release|Any CPU
	EndGlobalSection
	GlobalSection(SolutionProperties) = preSolution
		HideSolutionNode = FALSE
	EndGlobalSection
	GlobalSection(ExtensibilityGlobals) = postSolution
		SolutionGuid = {9586C19A-CA96-4C3F-B6E8-901BBB6E53EC}
	EndGlobalSection
EndGlobal
